
Microsoft Visual Studio Solution File, Format Version 12.00
# Visual Studio Version 16
VisualStudioVersion = 16.0.30413.136
MinimumVisualStudioVersion = 10.0.40219.1
Project("{FAE04EC0-301F-11D3-BF4B-00C04F79EFBC}") = "SQLServerHelper.AspNetCore", "SQLServerHelper.AspNetCore\SQLServerHelper.AspNetCore.csproj", "{8331B948-DAF7-4E97-B69E-3938288ADE5B}"
EndProject
Global
	GlobalSection(SolutionConfigurationPlatforms) = preSolution
		Debug|Any CPU = Debug|Any CPU
		Release|Any CPU = Release|Any CPU
	EndGlobalSection
	GlobalSection(ProjectConfigurationPlatforms) = postSolution
		{8331B948-DAF7-4E97-B69E-3938288ADE5B}.Debug|Any CPU.ActiveCfg = Debug|Any CPU
		{8331B948-DAF7-4E97-B69E-3938288ADE5B}.Debug|Any CPU.Build.0 = Debug|Any CPU
		{8331B948-DAF7-4E97-B69E-3938288ADE5B}.Release|Any CPU.ActiveCfg = Release|Any CPU
		{8331B948-DAF7-4E97-B69E-3938288ADE5B}.Release|Any CPU.Build.0 = Release|Any CPU
	EndGlobalSection
	GlobalSection(SolutionProperties) = preSolution
		HideSolutionNode = FALSE
	EndGlobalSection
	GlobalSection(ExtensibilityGlobals) = postSolution
		SolutionGuid = {2D5DF21F-CDAB-4ECE-B556-DB56FB055DE0}
	EndGlobalSection
EndGlobal
